
Microsoft Visual Studio Solution File, Format Version 12.00
# Visual Studio Version 16
VisualStudioVersion = 16.0.31702.278
MinimumVisualStudioVersion = 10.0.40219.1
Project("{FAE04EC0-301F-11D3-BF4B-00C04F79EFBC}") = "lecture 9 cmd", "lecture 9 cmd.csproj", "{8DC870A3-3FB2-4D93-BBE3-FA2C670DAEAA}"
EndProject
Global
	GlobalSection(SolutionConfigurationPlatforms) = preSolution
		Debug|Any CPU = Debug|Any CPU
		Release|Any CPU = Release|Any CPU
	EndGlobalSection
	GlobalSection(ProjectConfigurationPlatforms) = postSolution
		{8DC870A3-3FB2-4D93-BBE3-FA2C670DAEAA}.Debug|Any CPU.ActiveCfg = Debug|Any CPU
		{8DC870A3-3FB2-4D93-BBE3-FA2C670DAEAA}.Debug|Any CPU.Build.0 = Debug|Any CPU
		{8DC870A3-3FB2-4D93-BBE3-FA2C670DAEAA}.Release|Any CPU.ActiveCfg = Release|Any CPU
		{8DC870A3-3FB2-4D93-BBE3-FA2C670DAEAA}.Release|Any CPU.Build.0 = Release|Any CPU
	EndGlobalSection
	GlobalSection(SolutionProperties) = preSolution
		HideSolutionNode = FALSE
	EndGlobalSection
	GlobalSection(ExtensibilityGlobals) = postSolution
		SolutionGuid = {9C1EEF3A-C2D5-41F1-8F32-B0395058755A}
	EndGlobalSection
EndGlobal
