
Microsoft Visual Studio Solution File, Format Version 12.00
# Visual Studio Version 16
VisualStudioVersion = 16.0.31702.278
MinimumVisualStudioVersion = 10.0.40219.1
Project("{FAE04EC0-301F-11D3-BF4B-00C04F79EFBC}") = "lecture 5 variable types", "lecture 5 variable types.csproj", "{4C41759C-7F6F-487F-A23B-FD3BEA5DF41A}"
EndProject
Global
	GlobalSection(SolutionConfigurationPlatforms) = preSolution
		Debug|Any CPU = Debug|Any CPU
		Release|Any CPU = Release|Any CPU
	EndGlobalSection
	GlobalSection(ProjectConfigurationPlatforms) = postSolution
		{4C41759C-7F6F-487F-A23B-FD3BEA5DF41A}.Debug|Any CPU.ActiveCfg = Debug|Any CPU
		{4C41759C-7F6F-487F-A23B-FD3BEA5DF41A}.Debug|Any CPU.Build.0 = Debug|Any CPU
		{4C41759C-7F6F-487F-A23B-FD3BEA5DF41A}.Release|Any CPU.ActiveCfg = Release|Any CPU
		{4C41759C-7F6F-487F-A23B-FD3BEA5DF41A}.Release|Any CPU.Build.0 = Release|Any CPU
	EndGlobalSection
	GlobalSection(SolutionProperties) = preSolution
		HideSolutionNode = FALSE
	EndGlobalSection
	GlobalSection(ExtensibilityGlobals) = postSolution
		SolutionGuid = {5A760BCA-C70F-46B1-B524-B7D8B5489E8C}
	EndGlobalSection
EndGlobal
