
Microsoft Visual Studio Solution File, Format Version 12.00
# Visual Studio Version 16
VisualStudioVersion = 16.0.31702.278
MinimumVisualStudioVersion = 10.0.40219.1
Project("{FAE04EC0-301F-11D3-BF4B-00C04F79EFBC}") = "lecture 3", "lecture 3.csproj", "{C48C482B-46BA-47E0-BFEF-2B0D0B43CFCC}"
EndProject
Global
	GlobalSection(SolutionConfigurationPlatforms) = preSolution
		Debug|Any CPU = Debug|Any CPU
		Release|Any CPU = Release|Any CPU
	EndGlobalSection
	GlobalSection(ProjectConfigurationPlatforms) = postSolution
		{C48C482B-46BA-47E0-BFEF-2B0D0B43CFCC}.Debug|Any CPU.ActiveCfg = Debug|Any CPU
		{C48C482B-46BA-47E0-BFEF-2B0D0B43CFCC}.Debug|Any CPU.Build.0 = Debug|Any CPU
		{C48C482B-46BA-47E0-BFEF-2B0D0B43CFCC}.Release|Any CPU.ActiveCfg = Release|Any CPU
		{C48C482B-46BA-47E0-BFEF-2B0D0B43CFCC}.Release|Any CPU.Build.0 = Release|Any CPU
	EndGlobalSection
	GlobalSection(SolutionProperties) = preSolution
		HideSolutionNode = FALSE
	EndGlobalSection
	GlobalSection(ExtensibilityGlobals) = postSolution
		SolutionGuid = {E27D4A16-58EA-468C-85CF-7F17B4F9EFD2}
	EndGlobalSection
EndGlobal
